
Microsoft Visual Studio Solution File, Format Version 12.00
# Visual Studio Version 16
VisualStudioVersion = 16.0.28407.52
MinimumVisualStudioVersion = 10.0.40219.1
Project("{9A19103F-16F7-4668-BE54-9A1E7A4F7556}") = "Sparrow.Web", "Sparrow.Web\Sparrow.Web.csproj", "{9F26A0B7-620A-4E18-87C0-E87D3668F34A}"
EndProject
Project("{9A19103F-16F7-4668-BE54-9A1E7A4F7556}") = "Sparrow.Web.Admin", "Sparrow.Web.Admin\Sparrow.Web.Admin.csproj", "{1A032000-F4DF-45D0-9EFE-16077F88F119}"
EndProject
Global
	GlobalSection(SolutionConfigurationPlatforms) = preSolution
		Debug|Any CPU = Debug|Any CPU
		Release|Any CPU = Release|Any CPU
	EndGlobalSection
	GlobalSection(ProjectConfigurationPlatforms) = postSolution
		{9F26A0B7-620A-4E18-87C0-E87D3668F34A}.Debug|Any CPU.ActiveCfg = Debug|Any CPU
		{9F26A0B7-620A-4E18-87C0-E87D3668F34A}.Debug|Any CPU.Build.0 = Debug|Any CPU
		{9F26A0B7-620A-4E18-87C0-E87D3668F34A}.Release|Any CPU.ActiveCfg = Release|Any CPU
		{9F26A0B7-620A-4E18-87C0-E87D3668F34A}.Release|Any CPU.Build.0 = Release|Any CPU
		{1A032000-F4DF-45D0-9EFE-16077F88F119}.Debug|Any CPU.ActiveCfg = Debug|Any CPU
		{1A032000-F4DF-45D0-9EFE-16077F88F119}.Debug|Any CPU.Build.0 = Debug|Any CPU
		{1A032000-F4DF-45D0-9EFE-16077F88F119}.Release|Any CPU.ActiveCfg = Release|Any CPU
		{1A032000-F4DF-45D0-9EFE-16077F88F119}.Release|Any CPU.Build.0 = Release|Any CPU
	EndGlobalSection
	GlobalSection(SolutionProperties) = preSolution
		HideSolutionNode = FALSE
	EndGlobalSection
	GlobalSection(ExtensibilityGlobals) = postSolution
		SolutionGuid = {CD85CF9D-2AFE-4150-BAAE-B5FAF16C7FAF}
	EndGlobalSection
EndGlobal
